
Microsoft Visual Studio Solution File, Format Version 12.00
Project("{FAE04EC0-301F-11D3-BF4B-00C04F79EFBC}") = "ChefMate.Models", "ChefMate.Models\ChefMate.Models.csproj", "{DC9017F6-B8E6-406F-88FF-6BC60F24649D}"
EndProject
Project("{FAE04EC0-301F-11D3-BF4B-00C04F79EFBC}") = "FishWatch.API", "FishWatch.API\FishWatch.API.csproj", "{FBE592FF-0974-4012-A4CF-BC0980A4AB85}"
EndProject
Global
	GlobalSection(SolutionConfigurationPlatforms) = preSolution
		Debug|Any CPU = Debug|Any CPU
		Release|Any CPU = Release|Any CPU
	EndGlobalSection
	GlobalSection(ProjectConfigurationPlatforms) = postSolution
		{DC9017F6-B8E6-406F-88FF-6BC60F24649D}.Debug|Any CPU.ActiveCfg = Debug|Any CPU
		{DC9017F6-B8E6-406F-88FF-6BC60F24649D}.Debug|Any CPU.Build.0 = Debug|Any CPU
		{DC9017F6-B8E6-406F-88FF-6BC60F24649D}.Release|Any CPU.ActiveCfg = Release|Any CPU
		{DC9017F6-B8E6-406F-88FF-6BC60F24649D}.Release|Any CPU.Build.0 = Release|Any CPU
		{FBE592FF-0974-4012-A4CF-BC0980A4AB85}.Debug|Any CPU.ActiveCfg = Debug|Any CPU
		{FBE592FF-0974-4012-A4CF-BC0980A4AB85}.Debug|Any CPU.Build.0 = Debug|Any CPU
		{FBE592FF-0974-4012-A4CF-BC0980A4AB85}.Release|Any CPU.ActiveCfg = Release|Any CPU
		{FBE592FF-0974-4012-A4CF-BC0980A4AB85}.Release|Any CPU.Build.0 = Release|Any CPU
	EndGlobalSection
EndGlobal
